
Microsoft Visual Studio Solution File, Format Version 12.00
# Visual Studio Version 17
VisualStudioVersion = 17.2.32516.85
MinimumVisualStudioVersion = 10.0.40219.1
Project("{9A19103F-16F7-4668-BE54-9A1E7A4F7556}") = "Hafta1.Odev1.RestfulApi", "Hafta1.Odev1.RestfulApi\Hafta1.Odev1.RestfulApi.csproj", "{BC6AD5C0-9A9C-42CC-AD29-6670B3A48F5A}"
EndProject
Project("{9A19103F-16F7-4668-BE54-9A1E7A4F7556}") = "Hafta2.Odev2", "Hafta2.Odev2\Hafta2.Odev2.csproj", "{7AF3B820-8253-4F83-87DB-006622211F38}"
EndProject
Project("{FAE04EC0-301F-11D3-BF4B-00C04F79EFBC}") = "Hafta3.Odev3_4", "Hafta3.Odev3-4\Hafta3.Odev3_4.csproj", "{3EF47DD2-2718-4423-A15D-BE665E10C794}"
EndProject
Global
	GlobalSection(SolutionConfigurationPlatforms) = preSolution
		Debug|Any CPU = Debug|Any CPU
		Release|Any CPU = Release|Any CPU
	EndGlobalSection
	GlobalSection(ProjectConfigurationPlatforms) = postSolution
		{BC6AD5C0-9A9C-42CC-AD29-6670B3A48F5A}.Debug|Any CPU.ActiveCfg = Debug|Any CPU
		{BC6AD5C0-9A9C-42CC-AD29-6670B3A48F5A}.Debug|Any CPU.Build.0 = Debug|Any CPU
		{BC6AD5C0-9A9C-42CC-AD29-6670B3A48F5A}.Release|Any CPU.ActiveCfg = Release|Any CPU
		{BC6AD5C0-9A9C-42CC-AD29-6670B3A48F5A}.Release|Any CPU.Build.0 = Release|Any CPU
		{7AF3B820-8253-4F83-87DB-006622211F38}.Debug|Any CPU.ActiveCfg = Debug|Any CPU
		{7AF3B820-8253-4F83-87DB-006622211F38}.Debug|Any CPU.Build.0 = Debug|Any CPU
		{7AF3B820-8253-4F83-87DB-006622211F38}.Release|Any CPU.ActiveCfg = Release|Any CPU
		{7AF3B820-8253-4F83-87DB-006622211F38}.Release|Any CPU.Build.0 = Release|Any CPU
		{3EF47DD2-2718-4423-A15D-BE665E10C794}.Debug|Any CPU.ActiveCfg = Debug|Any CPU
		{3EF47DD2-2718-4423-A15D-BE665E10C794}.Debug|Any CPU.Build.0 = Debug|Any CPU
		{3EF47DD2-2718-4423-A15D-BE665E10C794}.Release|Any CPU.ActiveCfg = Release|Any CPU
		{3EF47DD2-2718-4423-A15D-BE665E10C794}.Release|Any CPU.Build.0 = Release|Any CPU
	EndGlobalSection
	GlobalSection(SolutionProperties) = preSolution
		HideSolutionNode = FALSE
	EndGlobalSection
	GlobalSection(ExtensibilityGlobals) = postSolution
		SolutionGuid = {60504F4F-229B-4231-A9A8-50D4FBD6423D}
	EndGlobalSection
EndGlobal
